
Microsoft Visual Studio Solution File, Format Version 12.00
# Visual Studio Version 17
VisualStudioVersion = 17.5.33414.496
MinimumVisualStudioVersion = 10.0.40219.1
Project("{FAE04EC0-301F-11D3-BF4B-00C04F79EFBC}") = "KonyvklubAdmin", "KonyvklubAdmin\KonyvklubAdmin.csproj", "{88D8ED52-C77E-4BBB-AEB3-E95977E5F8FD}"
EndProject
Global
	GlobalSection(SolutionConfigurationPlatforms) = preSolution
		Debug|Any CPU = Debug|Any CPU
		Release|Any CPU = Release|Any CPU
	EndGlobalSection
	GlobalSection(ProjectConfigurationPlatforms) = postSolution
		{88D8ED52-C77E-4BBB-AEB3-E95977E5F8FD}.Debug|Any CPU.ActiveCfg = Debug|Any CPU
		{88D8ED52-C77E-4BBB-AEB3-E95977E5F8FD}.Debug|Any CPU.Build.0 = Debug|Any CPU
		{88D8ED52-C77E-4BBB-AEB3-E95977E5F8FD}.Release|Any CPU.ActiveCfg = Release|Any CPU
		{88D8ED52-C77E-4BBB-AEB3-E95977E5F8FD}.Release|Any CPU.Build.0 = Release|Any CPU
	EndGlobalSection
	GlobalSection(SolutionProperties) = preSolution
		HideSolutionNode = FALSE
	EndGlobalSection
	GlobalSection(ExtensibilityGlobals) = postSolution
		SolutionGuid = {5A0D6623-2C3D-44CE-84F5-F34209170F57}
	EndGlobalSection
EndGlobal
